
Microsoft Visual Studio Solution File, Format Version 12.00
# Visual Studio Version 16
VisualStudioVersion = 16.0.30907.101
MinimumVisualStudioVersion = 10.0.40219.1
Project("{FAE04EC0-301F-11D3-BF4B-00C04F79EFBC}") = "SuperBASIC", "SuperBASIC.csproj", "{51942D92-4C96-4FD9-AA5B-C35661E3B063}"
EndProject
Global
	GlobalSection(SolutionConfigurationPlatforms) = preSolution
		Debug|Any CPU = Debug|Any CPU
		Release|Any CPU = Release|Any CPU
	EndGlobalSection
	GlobalSection(ProjectConfigurationPlatforms) = postSolution
		{51942D92-4C96-4FD9-AA5B-C35661E3B063}.Debug|Any CPU.ActiveCfg = Debug|Any CPU
		{51942D92-4C96-4FD9-AA5B-C35661E3B063}.Debug|Any CPU.Build.0 = Debug|Any CPU
		{51942D92-4C96-4FD9-AA5B-C35661E3B063}.Release|Any CPU.ActiveCfg = Release|Any CPU
		{51942D92-4C96-4FD9-AA5B-C35661E3B063}.Release|Any CPU.Build.0 = Release|Any CPU
	EndGlobalSection
	GlobalSection(SolutionProperties) = preSolution
		HideSolutionNode = FALSE
	EndGlobalSection
	GlobalSection(ExtensibilityGlobals) = postSolution
		SolutionGuid = {B03097C8-5C88-49D7-BD8F-EF905E9827EA}
	EndGlobalSection
EndGlobal
